
Microsoft Visual Studio Solution File, Format Version 12.00
# Visual Studio Version 16
VisualStudioVersion = 16.0.29403.142
MinimumVisualStudioVersion = 10.0.40219.1
Project("{FAE04EC0-301F-11D3-BF4B-00C04F79EFBC}") = "Process note", "Process note\Process note.csproj", "{9D6363F9-AC78-4669-80F8-D0C3979AF0BD}"
EndProject
Global
	GlobalSection(SolutionConfigurationPlatforms) = preSolution
		Debug|Any CPU = Debug|Any CPU
		Release|Any CPU = Release|Any CPU
	EndGlobalSection
	GlobalSection(ProjectConfigurationPlatforms) = postSolution
		{9D6363F9-AC78-4669-80F8-D0C3979AF0BD}.Debug|Any CPU.ActiveCfg = Debug|Any CPU
		{9D6363F9-AC78-4669-80F8-D0C3979AF0BD}.Debug|Any CPU.Build.0 = Debug|Any CPU
		{9D6363F9-AC78-4669-80F8-D0C3979AF0BD}.Release|Any CPU.ActiveCfg = Release|Any CPU
		{9D6363F9-AC78-4669-80F8-D0C3979AF0BD}.Release|Any CPU.Build.0 = Release|Any CPU
	EndGlobalSection
	GlobalSection(SolutionProperties) = preSolution
		HideSolutionNode = FALSE
	EndGlobalSection
	GlobalSection(ExtensibilityGlobals) = postSolution
		SolutionGuid = {71DA203D-BE8A-41F8-8CBD-6653968ED440}
	EndGlobalSection
EndGlobal
